
Microsoft Visual Studio Solution File, Format Version 12.00
# Visual Studio Version 17
VisualStudioVersion = 17.7.34031.279
MinimumVisualStudioVersion = 10.0.40219.1
Project("{2150E333-8FDC-42A3-9474-1A3956D46DE8}") = "src", "src", "{06D3FD38-5B20-4904-B173-2BE711B6FAFC}"
EndProject
Project("{2150E333-8FDC-42A3-9474-1A3956D46DE8}") = "Services", "Services", "{8CD5BC48-767E-4817-BBB5-2DB84D6DC582}"
EndProject
Project("{2150E333-8FDC-42A3-9474-1A3956D46DE8}") = "Customer", "Customer", "{694CF9C4-502D-4C39-8AA1-6F15BD5B83D5}"
EndProject
Project("{9A19103F-16F7-4668-BE54-9A1E7A4F7556}") = "Customers.API", "Services\Customer\Customer.API\Customers.API.csproj", "{A23DE05D-7A85-4147-B24A-4988DBEA05D9}"
EndProject
Project("{9A19103F-16F7-4668-BE54-9A1E7A4F7556}") = "Customers.Application", "Services\Customer\Customer.Application\Customers.Application.csproj", "{F170D712-989A-4B6F-9C1A-03035C386BAE}"
EndProject
Project("{9A19103F-16F7-4668-BE54-9A1E7A4F7556}") = "Customers.Domain", "Services\Customer\Customer.Domain\Customers.Domain.csproj", "{D89AF7F0-33D8-41F9-B7D7-7398612A1FBA}"
EndProject
Project("{9A19103F-16F7-4668-BE54-9A1E7A4F7556}") = "Customers.Infrastructure", "Services\Customer\Customer.Infrastructure\Customers.Infrastructure.csproj", "{D4580264-C1D8-40DA-A976-C14B3391F920}"
EndProject
Project("{E53339B2-1760-4266-BCC7-CA923CBCF16C}") = "docker-compose", "docker-compose.dcproj", "{ADD51C62-F082-4128-AE6B-45DC5475F968}"
EndProject
Project("{2150E333-8FDC-42A3-9474-1A3956D46DE8}") = "Sale", "Sale", "{CCC83859-5A01-458C-A868-8B1779FDF83D}"
EndProject
Project("{9A19103F-16F7-4668-BE54-9A1E7A4F7556}") = "Sales.API", "Services\Sale\Sales.API\Sales.API.csproj", "{FB0B7952-4B9B-48AB-AF48-4EEE020EBCF9}"
EndProject
Project("{9A19103F-16F7-4668-BE54-9A1E7A4F7556}") = "Sales.Application", "..\..\..\..\..\Desktop\Sales.Application\Sales.Application.csproj", "{BA54591D-C1E0-4DAA-A6BA-E82437C9B5A4}"
EndProject
Project("{9A19103F-16F7-4668-BE54-9A1E7A4F7556}") = "Sales.Domain", "..\..\..\..\..\Desktop\Sales.Domain\Sales.Domain.csproj", "{A07C58B2-D7C8-4D34-9273-998D9FD5C328}"
EndProject
Project("{9A19103F-16F7-4668-BE54-9A1E7A4F7556}") = "Sales.Infrastructure", "..\..\..\..\..\Desktop\Sales.Infrastructure\Sales.Infrastructure.csproj", "{B79BBF7D-F703-4CA9-A65E-2EC5607F30D4}"
EndProject
Global
	GlobalSection(SolutionConfigurationPlatforms) = preSolution
		Debug|Any CPU = Debug|Any CPU
		Release|Any CPU = Release|Any CPU
	EndGlobalSection
	GlobalSection(ProjectConfigurationPlatforms) = postSolution
		{A23DE05D-7A85-4147-B24A-4988DBEA05D9}.Debug|Any CPU.ActiveCfg = Debug|Any CPU
		{A23DE05D-7A85-4147-B24A-4988DBEA05D9}.Debug|Any CPU.Build.0 = Debug|Any CPU
		{A23DE05D-7A85-4147-B24A-4988DBEA05D9}.Release|Any CPU.ActiveCfg = Release|Any CPU
		{A23DE05D-7A85-4147-B24A-4988DBEA05D9}.Release|Any CPU.Build.0 = Release|Any CPU
		{F170D712-989A-4B6F-9C1A-03035C386BAE}.Debug|Any CPU.ActiveCfg = Debug|Any CPU
		{F170D712-989A-4B6F-9C1A-03035C386BAE}.Debug|Any CPU.Build.0 = Debug|Any CPU
		{F170D712-989A-4B6F-9C1A-03035C386BAE}.Release|Any CPU.ActiveCfg = Release|Any CPU
		{F170D712-989A-4B6F-9C1A-03035C386BAE}.Release|Any CPU.Build.0 = Release|Any CPU
		{D89AF7F0-33D8-41F9-B7D7-7398612A1FBA}.Debug|Any CPU.ActiveCfg = Debug|Any CPU
		{D89AF7F0-33D8-41F9-B7D7-7398612A1FBA}.Debug|Any CPU.Build.0 = Debug|Any CPU
		{D89AF7F0-33D8-41F9-B7D7-7398612A1FBA}.Release|Any CPU.ActiveCfg = Release|Any CPU
		{D89AF7F0-33D8-41F9-B7D7-7398612A1FBA}.Release|Any CPU.Build.0 = Release|Any CPU
		{D4580264-C1D8-40DA-A976-C14B3391F920}.Debug|Any CPU.ActiveCfg = Debug|Any CPU
		{D4580264-C1D8-40DA-A976-C14B3391F920}.Debug|Any CPU.Build.0 = Debug|Any CPU
		{D4580264-C1D8-40DA-A976-C14B3391F920}.Release|Any CPU.ActiveCfg = Release|Any CPU
		{D4580264-C1D8-40DA-A976-C14B3391F920}.Release|Any CPU.Build.0 = Release|Any CPU
		{ADD51C62-F082-4128-AE6B-45DC5475F968}.Debug|Any CPU.ActiveCfg = Debug|Any CPU
		{ADD51C62-F082-4128-AE6B-45DC5475F968}.Debug|Any CPU.Build.0 = Debug|Any CPU
		{ADD51C62-F082-4128-AE6B-45DC5475F968}.Release|Any CPU.ActiveCfg = Release|Any CPU
		{ADD51C62-F082-4128-AE6B-45DC5475F968}.Release|Any CPU.Build.0 = Release|Any CPU
		{FB0B7952-4B9B-48AB-AF48-4EEE020EBCF9}.Debug|Any CPU.ActiveCfg = Debug|Any CPU
		{FB0B7952-4B9B-48AB-AF48-4EEE020EBCF9}.Debug|Any CPU.Build.0 = Debug|Any CPU
		{FB0B7952-4B9B-48AB-AF48-4EEE020EBCF9}.Release|Any CPU.ActiveCfg = Release|Any CPU
		{FB0B7952-4B9B-48AB-AF48-4EEE020EBCF9}.Release|Any CPU.Build.0 = Release|Any CPU
		{BA54591D-C1E0-4DAA-A6BA-E82437C9B5A4}.Debug|Any CPU.ActiveCfg = Debug|Any CPU
		{BA54591D-C1E0-4DAA-A6BA-E82437C9B5A4}.Debug|Any CPU.Build.0 = Debug|Any CPU
		{BA54591D-C1E0-4DAA-A6BA-E82437C9B5A4}.Release|Any CPU.ActiveCfg = Release|Any CPU
		{BA54591D-C1E0-4DAA-A6BA-E82437C9B5A4}.Release|Any CPU.Build.0 = Release|Any CPU
		{A07C58B2-D7C8-4D34-9273-998D9FD5C328}.Debug|Any CPU.ActiveCfg = Debug|Any CPU
		{A07C58B2-D7C8-4D34-9273-998D9FD5C328}.Debug|Any CPU.Build.0 = Debug|Any CPU
		{A07C58B2-D7C8-4D34-9273-998D9FD5C328}.Release|Any CPU.ActiveCfg = Release|Any CPU
		{A07C58B2-D7C8-4D34-9273-998D9FD5C328}.Release|Any CPU.Build.0 = Release|Any CPU
		{B79BBF7D-F703-4CA9-A65E-2EC5607F30D4}.Debug|Any CPU.ActiveCfg = Debug|Any CPU
		{B79BBF7D-F703-4CA9-A65E-2EC5607F30D4}.Debug|Any CPU.Build.0 = Debug|Any CPU
		{B79BBF7D-F703-4CA9-A65E-2EC5607F30D4}.Release|Any CPU.ActiveCfg = Release|Any CPU
		{B79BBF7D-F703-4CA9-A65E-2EC5607F30D4}.Release|Any CPU.Build.0 = Release|Any CPU
	EndGlobalSection
	GlobalSection(SolutionProperties) = preSolution
		HideSolutionNode = FALSE
	EndGlobalSection
	GlobalSection(NestedProjects) = preSolution
		{8CD5BC48-767E-4817-BBB5-2DB84D6DC582} = {06D3FD38-5B20-4904-B173-2BE711B6FAFC}
		{694CF9C4-502D-4C39-8AA1-6F15BD5B83D5} = {8CD5BC48-767E-4817-BBB5-2DB84D6DC582}
		{A23DE05D-7A85-4147-B24A-4988DBEA05D9} = {694CF9C4-502D-4C39-8AA1-6F15BD5B83D5}
		{F170D712-989A-4B6F-9C1A-03035C386BAE} = {694CF9C4-502D-4C39-8AA1-6F15BD5B83D5}
		{D89AF7F0-33D8-41F9-B7D7-7398612A1FBA} = {694CF9C4-502D-4C39-8AA1-6F15BD5B83D5}
		{D4580264-C1D8-40DA-A976-C14B3391F920} = {694CF9C4-502D-4C39-8AA1-6F15BD5B83D5}
		{CCC83859-5A01-458C-A868-8B1779FDF83D} = {8CD5BC48-767E-4817-BBB5-2DB84D6DC582}
		{FB0B7952-4B9B-48AB-AF48-4EEE020EBCF9} = {CCC83859-5A01-458C-A868-8B1779FDF83D}
		{BA54591D-C1E0-4DAA-A6BA-E82437C9B5A4} = {CCC83859-5A01-458C-A868-8B1779FDF83D}
		{A07C58B2-D7C8-4D34-9273-998D9FD5C328} = {CCC83859-5A01-458C-A868-8B1779FDF83D}
		{B79BBF7D-F703-4CA9-A65E-2EC5607F30D4} = {CCC83859-5A01-458C-A868-8B1779FDF83D}
	EndGlobalSection
	GlobalSection(ExtensibilityGlobals) = postSolution
		SolutionGuid = {632ACDE2-F87A-4BCE-87ED-D89581F7B278}
	EndGlobalSection
EndGlobal
